
Microsoft Visual Studio Solution File, Format Version 12.00
# Visual Studio Version 16
VisualStudioVersion = 16.0.30611.23
MinimumVisualStudioVersion = 10.0.40219.1
Project("{8BC9CEB8-8B4A-11D0-8D11-00A0C91BC942}") = "Hello World", "Hello World.vcxproj", "{CFF7D275-F739-486F-A598-7A7E4F49F033}"
EndProject
Global
	GlobalSection(SolutionConfigurationPlatforms) = preSolution
		Debug|x64 = Debug|x64
		Debug|x86 = Debug|x86
		Release|x64 = Release|x64
		Release|x86 = Release|x86
	EndGlobalSection
	GlobalSection(ProjectConfigurationPlatforms) = postSolution
		{CFF7D275-F739-486F-A598-7A7E4F49F033}.Debug|x64.ActiveCfg = Debug|x64
		{CFF7D275-F739-486F-A598-7A7E4F49F033}.Debug|x64.Build.0 = Debug|x64
		{CFF7D275-F739-486F-A598-7A7E4F49F033}.Debug|x86.ActiveCfg = Debug|Win32
		{CFF7D275-F739-486F-A598-7A7E4F49F033}.Debug|x86.Build.0 = Debug|Win32
		{CFF7D275-F739-486F-A598-7A7E4F49F033}.Release|x64.ActiveCfg = Release|x64
		{CFF7D275-F739-486F-A598-7A7E4F49F033}.Release|x64.Build.0 = Release|x64
		{CFF7D275-F739-486F-A598-7A7E4F49F033}.Release|x86.ActiveCfg = Release|Win32
		{CFF7D275-F739-486F-A598-7A7E4F49F033}.Release|x86.Build.0 = Release|Win32
	EndGlobalSection
	GlobalSection(SolutionProperties) = preSolution
		HideSolutionNode = FALSE
	EndGlobalSection
	GlobalSection(ExtensibilityGlobals) = postSolution
		SolutionGuid = {D180FE5C-59D7-40A4-A5B6-A89D7F031E13}
	EndGlobalSection
EndGlobal
